// !$*UTF8*$!
{
	archiveVersion = 1;
	classes = {
	};
	objectVersion = 50;
	objects = {

/* Begin PBXBuildFile section */
		F35B86BC224EADC400C191A7 /* AppDelegate.swift in Sources */ = {isa = PBXBuildFile; fileRef = F35B86BB224EADC400C191A7 /* AppDelegate.swift */; };
		F35B86BE224EADC400C191A7 /* ViewController.swift in Sources */ = {isa = PBXBuildFile; fileRef = F35B86BD224EADC400C191A7 /* ViewController.swift */; };
		F35B86C1224EADC500C191A7 /* Main.storyboard in Resources */ = {isa = PBXBuildFile; fileRef = F35B86BF224EADC500C191A7 /* Main.storyboard */; };
		F35B86C3224EADD600C191A7 /* Assets.xcassets in Resources */ = {isa = PBXBuildFile; fileRef = F35B86C2224EADD600C191A7 /* Assets.xcassets */; };
		F35B86C6224EADD600C191A7 /* LaunchScreen.storyboard in Resources */ = {isa = PBXBuildFile; fileRef = F35B86C4224EADD600C191A7 /* LaunchScreen.storyboard */; };
		F35B86D1224EADD700C191A7 /* ComuneTests.swift in Sources */ = {isa = PBXBuildFile; fileRef = F35B86D0224EADD700C191A7 /* ComuneTests.swift */; };
		F35B86DC224EADD700C191A7 /* ComuneUITests.swift in Sources */ = {isa = PBXBuildFile; fileRef = F35B86DB224EADD700C191A7 /* ComuneUITests.swift */; };
/* End PBXBuildFile section */

/* Begin PBXContainerItemProxy section */
		F35B86CD224EADD700C191A7 /* PBXContainerItemProxy */ = {
			isa = PBXContainerItemProxy;
			containerPortal = F35B86B0224EADC400C191A7 /* Project object */;
			proxyType = 1;
			remoteGlobalIDString = F35B86B7224EADC400C191A7;
			remoteInfo = Comune;
		};
		F35B86D8224EADD700C191A7 /* PBXContainerItemProxy */ = {
			isa = PBXContainerItemProxy;
			containerPortal = F35B86B0224EADC400C191A7 /* Project object */;
			proxyType = 1;
			remoteGlobalIDString = F35B86B7224EADC400C191A7;
			remoteInfo = Comune;
		};
/* End PBXContainerItemProxy section */

/* Begin PBXFileReference section */
		F35B86B8224EADC400C191A7 /* Komjun.app */ = {isa = PBXFileReference; explicitFileType = wrapper.application; includeInIndex = 0; path = Komjun.app; sourceTree = BUILT_PRODUCTS_DIR; };
		F35B86BB224EADC400C191A7 /* AppDelegate.swift */ = {isa = PBXFileReference; lastKnownFileType = sourcecode.swift; path = AppDelegate.swift; sourceTree = "<group>"; };
		F35B86BD224EADC400C191A7 /* ViewController.swift */ = {isa = PBXFileReference; lastKnownFileType = sourcecode.swift; path = ViewController.swift; sourceTree = "<group>"; };
		F35B86C0224EADC500C191A7 /* Base */ = {isa = PBXFileReference; lastKnownFileType = file.storyboard; name = Base; path = Base.lproj/Main.storyboard; sourceTree = "<group>"; };
		F35B86C2224EADD600C191A7 /* Assets.xcassets */ = {isa = PBXFileReference; lastKnownFileType = folder.assetcatalog; path = Assets.xcassets; sourceTree = "<group>"; };
		F35B86C5224EADD600C191A7 /* Base */ = {isa = PBXFileReference; lastKnownFileType = file.storyboard; name = Base; path = Base.lproj/LaunchScreen.storyboard; sourceTree = "<group>"; };
		F35B86C7224EADD600C191A7 /* Info.plist */ = {isa = PBXFileReference; lastKnownFileType = text.plist.xml; path = Info.plist; sourceTree = "<group>"; };
		F35B86CC224EADD700C191A7 /* KomjunTests.xctest */ = {isa = PBXFileReference; explicitFileType = wrapper.cfbundle; includeInIndex = 0; path = KomjunTests.xctest; sourceTree = BUILT_PRODUCTS_DIR; };
		F35B86D0224EADD700C191A7 /* ComuneTests.swift */ = {isa = PBXFileReference; lastKnownFileType = sourcecode.swift; path = ComuneTests.swift; sourceTree = "<group>"; };
		F35B86D2224EADD700C191A7 /* Info.plist */ = {isa = PBXFileReference; lastKnownFileType = text.plist.xml; path = Info.plist; sourceTree = "<group>"; };
		F35B86D7224EADD700C191A7 /* KomjunUITests.xctest */ = {isa = PBXFileReference; explicitFileType = wrapper.cfbundle; includeInIndex = 0; path = KomjunUITests.xctest; sourceTree = BUILT_PRODUCTS_DIR; };
		F35B86DB224EADD700C191A7 /* ComuneUITests.swift */ = {isa = PBXFileReference; lastKnownFileType = sourcecode.swift; path = ComuneUITests.swift; sourceTree = "<group>"; };
		F35B86DD224EADD700C191A7 /* Info.plist */ = {isa = PBXFileReference; lastKnownFileType = text.plist.xml; path = Info.plist; sourceTree = "<group>"; };
/* End PBXFileReference section */

/* Begin PBXFrameworksBuildPhase section */
		F35B86B5224EADC400C191A7 /* Frameworks */ = {
			isa = PBXFrameworksBuildPhase;
			buildActionMask = 2147483647;
			files = (
			);
			runOnlyForDeploymentPostprocessing = 0;
		};
		F35B86C9224EADD700C191A7 /* Frameworks */ = {
			isa = PBXFrameworksBuildPhase;
			buildActionMask = 2147483647;
			files = (
			);
			runOnlyForDeploymentPostprocessing = 0;
		};
		F35B86D4224EADD700C191A7 /* Frameworks */ = {
			isa = PBXFrameworksBuildPhase;
			buildActionMask = 2147483647;
			files = (
			);
			runOnlyForDeploymentPostprocessing = 0;
		};
/* End PBXFrameworksBuildPhase section */

/* Begin PBXGroup section */
		F35B86AF224EADC400C191A7 = {
			isa = PBXGroup;
			children = (
				F35B86BA224EADC400C191A7 /* Comune */,
				F35B86CF224EADD700C191A7 /* ComuneTests */,
				F35B86DA224EADD700C191A7 /* ComuneUITests */,
				F35B86B9224EADC400C191A7 /* Products */,
			);
			sourceTree = "<group>";
		};
		F35B86B9224EADC400C191A7 /* Products */ = {
			isa = PBXGroup;
			children = (
				F35B86B8224EADC400C191A7 /* Komjun.app */,
				F35B86CC224EADD700C191A7 /* KomjunTests.xctest */,
				F35B86D7224EADD700C191A7 /* KomjunUITests.xctest */,
			);
			name = Products;
			sourceTree = "<group>";
		};
		F35B86BA224EADC400C191A7 /* Comune */ = {
			isa = PBXGroup;
			children = (
				F35B86E9224EAE9000C191A7 /* Application Delegate */,
				F35B86EA224EAEAC00C191A7 /* View Controllers */,
				F35B86EB224EAEE300C191A7 /* Storyboards */,
				F35B86ED224EAFC200C191A7 /* Resources */,
				F35B86EF224EB01600C191A7 /* Supporting files */,
			);
			path = Comune;
			sourceTree = "<group>";
		};
		F35B86CF224EADD700C191A7 /* ComuneTests */ = {
			isa = PBXGroup;
			children = (
				F35B86D0224EADD700C191A7 /* ComuneTests.swift */,
				F35B86D2224EADD700C191A7 /* Info.plist */,
			);
			path = ComuneTests;
			sourceTree = "<group>";
		};
		F35B86DA224EADD700C191A7 /* ComuneUITests */ = {
			isa = PBXGroup;
			children = (
				F35B86DB224EADD700C191A7 /* ComuneUITests.swift */,
				F35B86DD224EADD700C191A7 /* Info.plist */,
			);
			path = ComuneUITests;
			sourceTree = "<group>";
		};
		F35B86E9224EAE9000C191A7 /* Application Delegate */ = {
			isa = PBXGroup;
			children = (
				F35B86BB224EADC400C191A7 /* AppDelegate.swift */,
			);
			path = "Application Delegate";
			sourceTree = "<group>";
		};
		F35B86EA224EAEAC00C191A7 /* View Controllers */ = {
			isa = PBXGroup;
			children = (
				F35B86BD224EADC400C191A7 /* ViewController.swift */,
			);
			path = "View Controllers";
			sourceTree = "<group>";
		};
		F35B86EB224EAEE300C191A7 /* Storyboards */ = {
			isa = PBXGroup;
			children = (
				F35B86EC224EAF8400C191A7 /* Launch Screen */,
				F35B86BF224EADC500C191A7 /* Main.storyboard */,
			);
			path = Storyboards;
			sourceTree = "<group>";
		};
		F35B86EC224EAF8400C191A7 /* Launch Screen */ = {
			isa = PBXGroup;
			children = (
				F35B86C4224EADD600C191A7 /* LaunchScreen.storyboard */,
			);
			path = "Launch Screen";
			sourceTree = "<group>";
		};
		F35B86ED224EAFC200C191A7 /* Resources */ = {
			isa = PBXGroup;
			children = (
				F35B86EE224EAFE000C191A7 /* Assets */,
			);
			path = Resources;
			sourceTree = "<group>";
		};
		F35B86EE224EAFE000C191A7 /* Assets */ = {
			isa = PBXGroup;
			children = (
				F35B86C2224EADD600C191A7 /* Assets.xcassets */,
			);
			path = Assets;
			sourceTree = "<group>";
		};
		F35B86EF224EB01600C191A7 /* Supporting files */ = {
			isa = PBXGroup;
			children = (
				F35B86C7224EADD600C191A7 /* Info.plist */,
			);
			path = "Supporting files";
			sourceTree = "<group>";
		};
/* End PBXGroup section */

/* Begin PBXNativeTarget section */
		F35B86B7224EADC400C191A7 /* Komjun */ = {
			isa = PBXNativeTarget;
			buildConfigurationList = F35B86E0224EADD700C191A7 /* Build configuration list for PBXNativeTarget "Komjun" */;
			buildPhases = (
				F35B86B4224EADC400C191A7 /* Sources */,
				F35B86B5224EADC400C191A7 /* Frameworks */,
				F35B86B6224EADC400C191A7 /* Resources */,
			);
			buildRules = (
			);
			dependencies = (
			);
			name = Komjun;
			productName = Comune;
			productReference = F35B86B8224EADC400C191A7 /* Komjun.app */;
			productType = "com.apple.product-type.application";
		};
		F35B86CB224EADD700C191A7 /* KomjunTests */ = {
			isa = PBXNativeTarget;
			buildConfigurationList = F35B86E3224EADD700C191A7 /* Build configuration list for PBXNativeTarget "KomjunTests" */;
			buildPhases = (
				F35B86C8224EADD700C191A7 /* Sources */,
				F35B86C9224EADD700C191A7 /* Frameworks */,
				F35B86CA224EADD700C191A7 /* Resources */,
			);
			buildRules = (
			);
			dependencies = (
				F35B86CE224EADD700C191A7 /* PBXTargetDependency */,
			);
			name = KomjunTests;
			productName = ComuneTests;
			productReference = F35B86CC224EADD700C191A7 /* KomjunTests.xctest */;
			productType = "com.apple.product-type.bundle.unit-test";
		};
		F35B86D6224EADD700C191A7 /* KomjunUITests */ = {
			isa = PBXNativeTarget;
			buildConfigurationList = F35B86E6224EADD700C191A7 /* Build configuration list for PBXNativeTarget "KomjunUITests" */;
			buildPhases = (
				F35B86D3224EADD700C191A7 /* Sources */,
				F35B86D4224EADD700C191A7 /* Frameworks */,
				F35B86D5224EADD700C191A7 /* Resources */,
			);
			buildRules = (
			);
			dependencies = (
				F35B86D9224EADD700C191A7 /* PBXTargetDependency */,
			);
			name = KomjunUITests;
			productName = ComuneUITests;
			productReference = F35B86D7224EADD700C191A7 /* KomjunUITests.xctest */;
			productType = "com.apple.product-type.bundle.ui-testing";
		};
/* End PBXNativeTarget section */

/* Begin PBXProject section */
		F35B86B0224EADC400C191A7 /* Project object */ = {
			isa = PBXProject;
			attributes = {
				LastSwiftUpdateCheck = 1010;
				LastUpgradeCheck = 1010;
				ORGANIZATIONNAME = h4s;
				TargetAttributes = {
					F35B86B7224EADC400C191A7 = {
						CreatedOnToolsVersion = 10.1;
					};
					F35B86CB224EADD700C191A7 = {
						CreatedOnToolsVersion = 10.1;
						TestTargetID = F35B86B7224EADC400C191A7;
					};
					F35B86D6224EADD700C191A7 = {
						CreatedOnToolsVersion = 10.1;
						TestTargetID = F35B86B7224EADC400C191A7;
					};
				};
			};
			buildConfigurationList = F35B86B3224EADC400C191A7 /* Build configuration list for PBXProject "Komjun" */;
			compatibilityVersion = "Xcode 9.3";
			developmentRegion = en;
			hasScannedForEncodings = 0;
			knownRegions = (
				en,
				Base,
			);
			mainGroup = F35B86AF224EADC400C191A7;
			productRefGroup = F35B86B9224EADC400C191A7 /* Products */;
			projectDirPath = "";
			projectRoot = "";
			targets = (
				F35B86B7224EADC400C191A7 /* Komjun */,
				F35B86CB224EADD700C191A7 /* KomjunTests */,
				F35B86D6224EADD700C191A7 /* KomjunUITests */,
			);
		};
/* End PBXProject section */

/* Begin PBXResourcesBuildPhase section */
		F35B86B6224EADC400C191A7 /* Resources */ = {
			isa = PBXResourcesBuildPhase;
			buildActionMask = 2147483647;
			files = (
				F35B86C6224EADD600C191A7 /* LaunchScreen.storyboard in Resources */,
				F35B86C3224EADD600C191A7 /* Assets.xcassets in Resources */,
				F35B86C1224EADC500C191A7 /* Main.storyboard in Resources */,
			);
			runOnlyForDeploymentPostprocessing = 0;
		};
		F35B86CA224EADD700C191A7 /* Resources */ = {
			isa = PBXResourcesBuildPhase;
			buildActionMask = 2147483647;
			files = (
			);
			runOnlyForDeploymentPostprocessing = 0;
		};
		F35B86D5224EADD700C191A7 /* Resources */ = {
			isa = PBXResourcesBuildPhase;
			buildActionMask = 2147483647;
			files = (
			);
			runOnlyForDeploymentPostprocessing = 0;
		};
/* End PBXResourcesBuildPhase section */

/* Begin PBXSourcesBuildPhase section */
		F35B86B4224EADC400C191A7 /* Sources */ = {
			isa = PBXSourcesBuildPhase;
			buildActionMask = 2147483647;
			files = (
				F35B86BE224EADC400C191A7 /* ViewController.swift in Sources */,
				F35B86BC224EADC400C191A7 /* AppDelegate.swift in Sources */,
			);
			runOnlyForDeploymentPostprocessing = 0;
		};
		F35B86C8224EADD700C191A7 /* Sources */ = {
			isa = PBXSourcesBuildPhase;
			buildActionMask = 2147483647;
			files = (
				F35B86D1224EADD700C191A7 /* ComuneTests.swift in Sources */,
			);
			runOnlyForDeploymentPostprocessing = 0;
		};
		F35B86D3224EADD700C191A7 /* Sources */ = {
			isa = PBXSourcesBuildPhase;
			buildActionMask = 2147483647;
			files = (
				F35B86DC224EADD700C191A7 /* ComuneUITests.swift in Sources */,
			);
			runOnlyForDeploymentPostprocessing = 0;
		};
/* End PBXSourcesBuildPhase section */

/* Begin PBXTargetDependency section */
		F35B86CE224EADD700C191A7 /* PBXTargetDependency */ = {
			isa = PBXTargetDependency;
			target = F35B86B7224EADC400C191A7 /* Komjun */;
			targetProxy = F35B86CD224EADD700C191A7 /* PBXContainerItemProxy */;
		};
		F35B86D9224EADD700C191A7 /* PBXTargetDependency */ = {
			isa = PBXTargetDependency;
			target = F35B86B7224EADC400C191A7 /* Komjun */;
			targetProxy = F35B86D8224EADD700C191A7 /* PBXContainerItemProxy */;
		};
/* End PBXTargetDependency section */

/* Begin PBXVariantGroup section */
		F35B86BF224EADC500C191A7 /* Main.storyboard */ = {
			isa = PBXVariantGroup;
			children = (
				F35B86C0224EADC500C191A7 /* Base */,
			);
			name = Main.storyboard;
			sourceTree = "<group>";
		};
		F35B86C4224EADD600C191A7 /* LaunchScreen.storyboard */ = {
			isa = PBXVariantGroup;
			children = (
				F35B86C5224EADD600C191A7 /* Base */,
			);
			name = LaunchScreen.storyboard;
			sourceTree = "<group>";
		};
/* End PBXVariantGroup section */

/* Begin XCBuildConfiguration section */
		F35B86DE224EADD700C191A7 /* Debug */ = {
			isa = XCBuildConfiguration;
			buildSettings = {
				ALWAYS_SEARCH_USER_PATHS = NO;
				CLANG_ANALYZER_NONNULL = YES;
				CLANG_ANALYZER_NUMBER_OBJECT_CONVERSION = YES_AGGRESSIVE;
				CLANG_CXX_LANGUAGE_STANDARD = "gnu++14";
				CLANG_CXX_LIBRARY = "libc++";
				CLANG_ENABLE_MODULES = YES;
				CLANG_ENABLE_OBJC_ARC = YES;
				CLANG_ENABLE_OBJC_WEAK = YES;
				CLANG_WARN_BLOCK_CAPTURE_AUTORELEASING = YES;
				CLANG_WARN_BOOL_CONVERSION = YES;
				CLANG_WARN_COMMA = YES;
				CLANG_WARN_CONSTANT_CONVERSION = YES;
				CLANG_WARN_DEPRECATED_OBJC_IMPLEMENTATIONS = YES;
				CLANG_WARN_DIRECT_OBJC_ISA_USAGE = YES_ERROR;
				CLANG_WARN_DOCUMENTATION_COMMENTS = YES;
				CLANG_WARN_EMPTY_BODY = YES;
				CLANG_WARN_ENUM_CONVERSION = YES;
				CLANG_WARN_INFINITE_RECURSION = YES;
				CLANG_WARN_INT_CONVERSION = YES;
				CLANG_WARN_NON_LITERAL_NULL_CONVERSION = YES;
				CLANG_WARN_OBJC_IMPLICIT_RETAIN_SELF = YES;
				CLANG_WARN_OBJC_LITERAL_CONVERSION = YES;
				CLANG_WARN_OBJC_ROOT_CLASS = YES_ERROR;
				CLANG_WARN_RANGE_LOOP_ANALYSIS = YES;
				CLANG_WARN_STRICT_PROTOTYPES = YES;
				CLANG_WARN_SUSPICIOUS_MOVE = YES;
				CLANG_WARN_UNGUARDED_AVAILABILITY = YES_AGGRESSIVE;
				CLANG_WARN_UNREACHABLE_CODE = YES;
				CLANG_WARN__DUPLICATE_METHOD_MATCH = YES;
				CODE_SIGN_IDENTITY = "iPhone Developer";
				COPY_PHASE_STRIP = NO;
				DEBUG_INFORMATION_FORMAT = dwarf;
				ENABLE_STRICT_OBJC_MSGSEND = YES;
				ENABLE_TESTABILITY = YES;
				GCC_C_LANGUAGE_STANDARD = gnu11;
				GCC_DYNAMIC_NO_PIC = NO;
				GCC_NO_COMMON_BLOCKS = YES;
				GCC_OPTIMIZATION_LEVEL = 0;
				GCC_PREPROCESSOR_DEFINITIONS = (
					"DEBUG=1",
					"$(inherited)",
				);
				GCC_WARN_64_TO_32_BIT_CONVERSION = YES;
				GCC_WARN_ABOUT_RETURN_TYPE = YES_ERROR;
				GCC_WARN_UNDECLARED_SELECTOR = YES;
				GCC_WARN_UNINITIALIZED_AUTOS = YES_AGGRESSIVE;
				GCC_WARN_UNUSED_FUNCTION = YES;
				GCC_WARN_UNUSED_VARIABLE = YES;
				IPHONEOS_DEPLOYMENT_TARGET = 12.1;
				MTL_ENABLE_DEBUG_INFO = INCLUDE_SOURCE;
				MTL_FAST_MATH = YES;
				ONLY_ACTIVE_ARCH = YES;
				SDKROOT = iphoneos;
				SWIFT_ACTIVE_COMPILATION_CONDITIONS = DEBUG;
				SWIFT_OPTIMIZATION_LEVEL = "-Onone";
			};
			name = Debug;
		};
		F35B86DF224EADD700C191A7 /* Release */ = {
			isa = XCBuildConfiguration;
			buildSettings = {
				ALWAYS_SEARCH_USER_PATHS = NO;
				CLANG_ANALYZER_NONNULL = YES;
				CLANG_ANALYZER_NUMBER_OBJECT_CONVERSION = YES_AGGRESSIVE;
				CLANG_CXX_LANGUAGE_STANDARD = "gnu++14";
				CLANG_CXX_LIBRARY = "libc++";
				CLANG_ENABLE_MODULES = YES;
				CLANG_ENABLE_OBJC_ARC = YES;
				CLANG_ENABLE_OBJC_WEAK = YES;
				CLANG_WARN_BLOCK_CAPTURE_AUTORELEASING = YES;
				CLANG_WARN_BOOL_CONVERSION = YES;
				CLANG_WARN_COMMA = YES;
				CLANG_WARN_CONSTANT_CONVERSION = YES;
				CLANG_WARN_DEPRECATED_OBJC_IMPLEMENTATIONS = YES;
				CLANG_WARN_DIRECT_OBJC_ISA_USAGE = YES_ERROR;
				CLANG_WARN_DOCUMENTATION_COMMENTS = YES;
				CLANG_WARN_EMPTY_BODY = YES;
				CLANG_WARN_ENUM_CONVERSION = YES;
				CLANG_WARN_INFINITE_RECURSION = YES;
				CLANG_WARN_INT_CONVERSION = YES;
				CLANG_WARN_NON_LITERAL_NULL_CONVERSION = YES;
				CLANG_WARN_OBJC_IMPLICIT_RETAIN_SELF = YES;
				CLANG_WARN_OBJC_LITERAL_CONVERSION = YES;
				CLANG_WARN_OBJC_ROOT_CLASS = YES_ERROR;
				CLANG_WARN_RANGE_LOOP_ANALYSIS = YES;
				CLANG_WARN_STRICT_PROTOTYPES = YES;
				CLANG_WARN_SUSPICIOUS_MOVE = YES;
				CLANG_WARN_UNGUARDED_AVAILABILITY = YES_AGGRESSIVE;
				CLANG_WARN_UNREACHABLE_CODE = YES;
				CLANG_WARN__DUPLICATE_METHOD_MATCH = YES;
				CODE_SIGN_IDENTITY = "iPhone Developer";
				COPY_PHASE_STRIP = NO;
				DEBUG_INFORMATION_FORMAT = "dwarf-with-dsym";
				ENABLE_NS_ASSERTIONS = NO;
				ENABLE_STRICT_OBJC_MSGSEND = YES;
				GCC_C_LANGUAGE_STANDARD = gnu11;
				GCC_NO_COMMON_BLOCKS = YES;
				GCC_WARN_64_TO_32_BIT_CONVERSION = YES;
				GCC_WARN_ABOUT_RETURN_TYPE = YES_ERROR;
				GCC_WARN_UNDECLARED_SELECTOR = YES;
				GCC_WARN_UNINITIALIZED_AUTOS = YES_AGGRESSIVE;
				GCC_WARN_UNUSED_FUNCTION = YES;
				GCC_WARN_UNUSED_VARIABLE = YES;
				IPHONEOS_DEPLOYMENT_TARGET = 12.1;
				MTL_ENABLE_DEBUG_INFO = NO;
				MTL_FAST_MATH = YES;
				SDKROOT = iphoneos;
				SWIFT_COMPILATION_MODE = wholemodule;
				SWIFT_OPTIMIZATION_LEVEL = "-O";
				VALIDATE_PRODUCT = YES;
			};
			name = Release;
		};
		F35B86E1224EADD700C191A7 /* Debug */ = {
			isa = XCBuildConfiguration;
			buildSettings = {
				ASSETCATALOG_COMPILER_APPICON_NAME = AppIcon;
				CODE_SIGN_STYLE = Automatic;
				INFOPLIST_FILE = Comune/Info.plist;
				LD_RUNPATH_SEARCH_PATHS = (
					"$(inherited)",
					"@executable_path/Frameworks",
				);
				PRODUCT_BUNDLE_IDENTIFIER = com.h4s.Comune;
				PRODUCT_NAME = "$(TARGET_NAME)";
				SWIFT_VERSION = 4.2;
				TARGETED_DEVICE_FAMILY = 1;
			};
			name = Debug;
		};
		F35B86E2224EADD700C191A7 /* Release */ = {
			isa = XCBuildConfiguration;
			buildSettings = {
				ASSETCATALOG_COMPILER_APPICON_NAME = AppIcon;
				CODE_SIGN_STYLE = Automatic;
				INFOPLIST_FILE = Comune/Info.plist;
				LD_RUNPATH_SEARCH_PATHS = (
					"$(inherited)",
					"@executable_path/Frameworks",
				);
				PRODUCT_BUNDLE_IDENTIFIER = com.h4s.Comune;
				PRODUCT_NAME = "$(TARGET_NAME)";
				SWIFT_VERSION = 4.2;
				TARGETED_DEVICE_FAMILY = 1;
			};
			name = Release;
		};
		F35B86E4224EADD700C191A7 /* Debug */ = {
			isa = XCBuildConfiguration;
			buildSettings = {
				ALWAYS_EMBED_SWIFT_STANDARD_LIBRARIES = YES;
				BUNDLE_LOADER = "$(TEST_HOST)";
				CODE_SIGN_STYLE = Automatic;
				INFOPLIST_FILE = ComuneTests/Info.plist;
				LD_RUNPATH_SEARCH_PATHS = (
					"$(inherited)",
					"@executable_path/Frameworks",
					"@loader_path/Frameworks",
				);
				PRODUCT_BUNDLE_IDENTIFIER = com.h4s.ComuneTests;
				PRODUCT_NAME = "$(TARGET_NAME)";
				SWIFT_VERSION = 4.2;
				TARGETED_DEVICE_FAMILY = "1,2";
				TEST_HOST = "$(BUILT_PRODUCTS_DIR)/Komjun.app/Komjun";
			};
			name = Debug;
		};
		F35B86E5224EADD700C191A7 /* Release */ = {
			isa = XCBuildConfiguration;
			buildSettings = {
				ALWAYS_EMBED_SWIFT_STANDARD_LIBRARIES = YES;
				BUNDLE_LOADER = "$(TEST_HOST)";
				CODE_SIGN_STYLE = Automatic;
				INFOPLIST_FILE = ComuneTests/Info.plist;
				LD_RUNPATH_SEARCH_PATHS = (
					"$(inherited)",
					"@executable_path/Frameworks",
					"@loader_path/Frameworks",
				);
				PRODUCT_BUNDLE_IDENTIFIER = com.h4s.ComuneTests;
				PRODUCT_NAME = "$(TARGET_NAME)";
				SWIFT_VERSION = 4.2;
				TARGETED_DEVICE_FAMILY = "1,2";
				TEST_HOST = "$(BUILT_PRODUCTS_DIR)/Komjun.app/Komjun";
			};
			name = Release;
		};
		F35B86E7224EADD700C191A7 /* Debug */ = {
			isa = XCBuildConfiguration;
			buildSettings = {
				ALWAYS_EMBED_SWIFT_STANDARD_LIBRARIES = YES;
				CODE_SIGN_STYLE = Automatic;
				INFOPLIST_FILE = ComuneUITests/Info.plist;
				LD_RUNPATH_SEARCH_PATHS = (
					"$(inherited)",
					"@executable_path/Frameworks",
					"@loader_path/Frameworks",
				);
				PRODUCT_BUNDLE_IDENTIFIER = com.h4s.ComuneUITests;
				PRODUCT_NAME = "$(TARGET_NAME)";
				SWIFT_VERSION = 4.2;
				TARGETED_DEVICE_FAMILY = "1,2";
				TEST_TARGET_NAME = Comune;
			};
			name = Debug;
		};
		F35B86E8224EADD700C191A7 /* Release */ = {
			isa = XCBuildConfiguration;
			buildSettings = {
				ALWAYS_EMBED_SWIFT_STANDARD_LIBRARIES = YES;
				CODE_SIGN_STYLE = Automatic;
				INFOPLIST_FILE = ComuneUITests/Info.plist;
				LD_RUNPATH_SEARCH_PATHS = (
					"$(inherited)",
					"@executable_path/Frameworks",
					"@loader_path/Frameworks",
				);
				PRODUCT_BUNDLE_IDENTIFIER = com.h4s.ComuneUITests;
				PRODUCT_NAME = "$(TARGET_NAME)";
				SWIFT_VERSION = 4.2;
				TARGETED_DEVICE_FAMILY = "1,2";
				TEST_TARGET_NAME = Comune;
			};
			name = Release;
		};
/* End XCBuildConfiguration section */

/* Begin XCConfigurationList section */
		F35B86B3224EADC400C191A7 /* Build configuration list for PBXProject "Komjun" */ = {
			isa = XCConfigurationList;
			buildConfigurations = (
				F35B86DE224EADD700C191A7 /* Debug */,
				F35B86DF224EADD700C191A7 /* Release */,
			);
			defaultConfigurationIsVisible = 0;
			defaultConfigurationName = Release;
		};
		F35B86E0224EADD700C191A7 /* Build configuration list for PBXNativeTarget "Komjun" */ = {
			isa = XCConfigurationList;
			buildConfigurations = (
				F35B86E1224EADD700C191A7 /* Debug */,
				F35B86E2224EADD700C191A7 /* Release */,
			);
			defaultConfigurationIsVisible = 0;
			defaultConfigurationName = Release;
		};
		F35B86E3224EADD700C191A7 /* Build configuration list for PBXNativeTarget "KomjunTests" */ = {
			isa = XCConfigurationList;
			buildConfigurations = (
				F35B86E4224EADD700C191A7 /* Debug */,
				F35B86E5224EADD700C191A7 /* Release */,
			);
			defaultConfigurationIsVisible = 0;
			defaultConfigurationName = Release;
		};
		F35B86E6224EADD700C191A7 /* Build configuration list for PBXNativeTarget "KomjunUITests" */ = {
			isa = XCConfigurationList;
			buildConfigurations = (
				F35B86E7224EADD700C191A7 /* Debug */,
				F35B86E8224EADD700C191A7 /* Release */,
			);
			defaultConfigurationIsVisible = 0;
			defaultConfigurationName = Release;
		};
/* End XCConfigurationList section */
	};
	rootObject = F35B86B0224EADC400C191A7 /* Project object */;
}
